
Microsoft Visual Studio Solution File, Format Version 12.00
# Visual Studio Version 17
VisualStudioVersion = 17.2.32505.173
MinimumVisualStudioVersion = 10.0.40219.1
Project("{9A19103F-16F7-4668-BE54-9A1E7A4F7556}") = "APIConsumer", "APIConsumer.csproj", "{85FEBB5A-A4FF-404A-814A-8C76A5D25A15}"
EndProject
Global
	GlobalSection(SolutionConfigurationPlatforms) = preSolution
		Debug|Any CPU = Debug|Any CPU
		Release|Any CPU = Release|Any CPU
	EndGlobalSection
	GlobalSection(ProjectConfigurationPlatforms) = postSolution
		{85FEBB5A-A4FF-404A-814A-8C76A5D25A15}.Debug|Any CPU.ActiveCfg = Debug|Any CPU
		{85FEBB5A-A4FF-404A-814A-8C76A5D25A15}.Debug|Any CPU.Build.0 = Debug|Any CPU
		{85FEBB5A-A4FF-404A-814A-8C76A5D25A15}.Release|Any CPU.ActiveCfg = Release|Any CPU
		{85FEBB5A-A4FF-404A-814A-8C76A5D25A15}.Release|Any CPU.Build.0 = Release|Any CPU
	EndGlobalSection
	GlobalSection(SolutionProperties) = preSolution
		HideSolutionNode = FALSE
	EndGlobalSection
	GlobalSection(ExtensibilityGlobals) = postSolution
		SolutionGuid = {38F039C9-3EA1-4327-B15F-E94B06B1F1D9}
	EndGlobalSection
EndGlobal
